
Microsoft Visual Studio Solution File, Format Version 12.00
# Visual Studio Version 17
VisualStudioVersion = 17.2.32630.192
MinimumVisualStudioVersion = 10.0.40219.1
Project("{FAE04EC0-301F-11D3-BF4B-00C04F79EFBC}") = "Task1", "Task1\Task1.csproj", "{EA03C080-1E49-422A-B5F7-84B48C4B0710}"
EndProject
Project("{FAE04EC0-301F-11D3-BF4B-00C04F79EFBC}") = "Task2", "Task2\Task2.csproj", "{5936A901-52AA-4B08-8578-29F83A3AA67C}"
EndProject
Global
	GlobalSection(SolutionConfigurationPlatforms) = preSolution
		Debug|Any CPU = Debug|Any CPU
		Release|Any CPU = Release|Any CPU
	EndGlobalSection
	GlobalSection(ProjectConfigurationPlatforms) = postSolution
		{EA03C080-1E49-422A-B5F7-84B48C4B0710}.Debug|Any CPU.ActiveCfg = Debug|Any CPU
		{EA03C080-1E49-422A-B5F7-84B48C4B0710}.Debug|Any CPU.Build.0 = Debug|Any CPU
		{EA03C080-1E49-422A-B5F7-84B48C4B0710}.Release|Any CPU.ActiveCfg = Release|Any CPU
		{EA03C080-1E49-422A-B5F7-84B48C4B0710}.Release|Any CPU.Build.0 = Release|Any CPU
		{5936A901-52AA-4B08-8578-29F83A3AA67C}.Debug|Any CPU.ActiveCfg = Debug|Any CPU
		{5936A901-52AA-4B08-8578-29F83A3AA67C}.Debug|Any CPU.Build.0 = Debug|Any CPU
		{5936A901-52AA-4B08-8578-29F83A3AA67C}.Release|Any CPU.ActiveCfg = Release|Any CPU
		{5936A901-52AA-4B08-8578-29F83A3AA67C}.Release|Any CPU.Build.0 = Release|Any CPU
	EndGlobalSection
	GlobalSection(SolutionProperties) = preSolution
		HideSolutionNode = FALSE
	EndGlobalSection
	GlobalSection(ExtensibilityGlobals) = postSolution
		SolutionGuid = {E96E0CEB-6998-46AB-B9A8-04788888D335}
	EndGlobalSection
EndGlobal
